
Microsoft Visual Studio Solution File, Format Version 12.00
# Visual Studio Version 17
VisualStudioVersion = 17.11.35327.3
MinimumVisualStudioVersion = 10.0.40219.1
Project("{FAE04EC0-301F-11D3-BF4B-00C04F79EFBC}") = "Presentacion", "Presentacion\Presentacion.csproj", "{0FFC3C97-74BD-4C76-9C18-758A3F8843BC}"
EndProject
Project("{FAE04EC0-301F-11D3-BF4B-00C04F79EFBC}") = "C_Logica", "C_Logica\C_Logica.csproj", "{EE2EC88B-F629-487D-A313-EED6E138F2A4}"
EndProject
Project("{FAE04EC0-301F-11D3-BF4B-00C04F79EFBC}") = "C_Datos", "C_Datos\C_Datos.csproj", "{8CEC8EB9-810E-4B9E-B808-E05686E0DA5A}"
EndProject
Global
	GlobalSection(SolutionConfigurationPlatforms) = preSolution
		Debug|Any CPU = Debug|Any CPU
		Release|Any CPU = Release|Any CPU
	EndGlobalSection
	GlobalSection(ProjectConfigurationPlatforms) = postSolution
		{0FFC3C97-74BD-4C76-9C18-758A3F8843BC}.Debug|Any CPU.ActiveCfg = Debug|Any CPU
		{0FFC3C97-74BD-4C76-9C18-758A3F8843BC}.Debug|Any CPU.Build.0 = Debug|Any CPU
		{0FFC3C97-74BD-4C76-9C18-758A3F8843BC}.Release|Any CPU.ActiveCfg = Release|Any CPU
		{0FFC3C97-74BD-4C76-9C18-758A3F8843BC}.Release|Any CPU.Build.0 = Release|Any CPU
		{EE2EC88B-F629-487D-A313-EED6E138F2A4}.Debug|Any CPU.ActiveCfg = Debug|Any CPU
		{EE2EC88B-F629-487D-A313-EED6E138F2A4}.Debug|Any CPU.Build.0 = Debug|Any CPU
		{EE2EC88B-F629-487D-A313-EED6E138F2A4}.Release|Any CPU.ActiveCfg = Release|Any CPU
		{EE2EC88B-F629-487D-A313-EED6E138F2A4}.Release|Any CPU.Build.0 = Release|Any CPU
		{8CEC8EB9-810E-4B9E-B808-E05686E0DA5A}.Debug|Any CPU.ActiveCfg = Debug|Any CPU
		{8CEC8EB9-810E-4B9E-B808-E05686E0DA5A}.Debug|Any CPU.Build.0 = Debug|Any CPU
		{8CEC8EB9-810E-4B9E-B808-E05686E0DA5A}.Release|Any CPU.ActiveCfg = Release|Any CPU
		{8CEC8EB9-810E-4B9E-B808-E05686E0DA5A}.Release|Any CPU.Build.0 = Release|Any CPU
	EndGlobalSection
	GlobalSection(SolutionProperties) = preSolution
		HideSolutionNode = FALSE
	EndGlobalSection
	GlobalSection(ExtensibilityGlobals) = postSolution
		SolutionGuid = {5C454C2B-E2DE-48E1-97F7-D9EE696C4B20}
	EndGlobalSection
EndGlobal
